
Microsoft Visual Studio Solution File, Format Version 12.00
# Visual Studio 15
VisualStudioVersion = 15.0.28307.539
MinimumVisualStudioVersion = 10.0.40219.1
Project("{FAE04EC0-301F-11D3-BF4B-00C04F79EFBC}") = "AdaptiveRadixTree", "AdaptiveRadixTree.csproj", "{D41738CA-5804-46B9-A631-BE95C94B58D8}"
EndProject
Global
	GlobalSection(SolutionConfigurationPlatforms) = preSolution
		Debug|Any CPU = Debug|Any CPU
		Release|Any CPU = Release|Any CPU
	EndGlobalSection
	GlobalSection(ProjectConfigurationPlatforms) = postSolution
		{D41738CA-5804-46B9-A631-BE95C94B58D8}.Debug|Any CPU.ActiveCfg = Debug|Any CPU
		{D41738CA-5804-46B9-A631-BE95C94B58D8}.Debug|Any CPU.Build.0 = Debug|Any CPU
		{D41738CA-5804-46B9-A631-BE95C94B58D8}.Release|Any CPU.ActiveCfg = Release|Any CPU
		{D41738CA-5804-46B9-A631-BE95C94B58D8}.Release|Any CPU.Build.0 = Release|Any CPU
	EndGlobalSection
	GlobalSection(SolutionProperties) = preSolution
		HideSolutionNode = FALSE
	EndGlobalSection
	GlobalSection(ExtensibilityGlobals) = postSolution
		SolutionGuid = {ED4FC18C-ED62-4925-91AD-46A657D72B5F}
	EndGlobalSection
EndGlobal
